<?xml version="1.0" encoding="utf-8"?>
<Project ToolsVersion="4.0" xmlns="http://schemas.microsoft.com/developer/msbuild/2003">
  <ItemGroup>
    <Filter Include="源文件">
      <UniqueIdentifier>{4FC737F1-C7A5-4376-A066-2A32D752A2FF}</UniqueIdentifier>
      <Extensions>cpp;c;cc;cxx;def;odl;idl;hpj;bat;asm;asmx</Extensions>
    </Filter>
    <Filter Include="头文件">
      <UniqueIdentifier>{93995380-89BD-4b04-88EB-625FBE52EBFB}</UniqueIdentifier>
      <Extensions>h;hh;hpp;hxx;hm;inl;inc;xsd</Extensions>
    </Filter>
    <Filter Include="资源文件">
      <UniqueIdentifier>{67DA6AB6-F800-4c08-8B7A-83BB121AAD01}</UniqueIdentifier>
      <Extensions>rc;ico;cur;bmp;dlg;rc2;rct;bin;rgs;gif;jpg;jpeg;jpe;resx;tiff;tif;png;wav;mfcribbon-ms</Extensions>
    </Filter>
    <Filter Include="src">
      <UniqueIdentifier>{e20830e0-aafb-4c7b-940d-3c2a9fbc3317}</UniqueIdentifier>
    </Filter>
    <Filter Include="test">
      <UniqueIdentifier>{5e405525-e445-4213-b17b-92cbc44e6a65}</UniqueIdentifier>
    </Filter>
  </ItemGroup>
  <ItemGroup>
    <ClCompile Include="ThreadPoolDemo.cpp">
      <Filter>源文件</Filter>
    </ClCompile>
    <ClCompile Include="..\..\src\TaskQueue.cpp">
      <Filter>src</Filter>
    </ClCompile>
    <ClCompile Include="..\..\src\ThreadPool.cpp">
      <Filter>src</Filter>
    </ClCompile>
    <ClCompile Include="..\..\test\TaskTest.cpp">
      <Filter>test</Filter>
    </ClCompile>
  </ItemGroup>
  <ItemGroup>
    <ClInclude Include="..\..\src\Task.h">
      <Filter>src</Filter>
    </ClInclude>
    <ClInclude Include="..\..\src\TaskQueue.h">
      <Filter>src</Filter>
    </ClInclude>
    <ClInclude Include="..\..\src\ThreadPool.h">
      <Filter>src</Filter>
    </ClInclude>
    <ClInclude Include="..\..\test\TaskTest.h">
      <Filter>test</Filter>
    </ClInclude>
  </ItemGroup>
</Project>
<!---
/**
* @author : 陈鲁勇
* @date   : 2017年04月
* @version: 1.0
* @note   : 根据 Apache 许可证 2.0 版（以下简称“许可证”）授权;
*           除非遵守本许可，否则您不能使用这个文件。
* @remarks: 您可以获得该许可的副本：
*           http://www.apache.org/licenses/LICENSE-2.0
*           除非适用法律需要或者书面同意，按本许可分发的软件
*           要按“原样”分发，没有任何形式的，明确或隐含的担保条款。
*           参见按照本许可控制许可权限及限制的特定语言的许可证。
*
*   你可以获得该代码的最新版本：
*
*        http://git.oschina.net/Mr_ChenLuYong/oeasypool
*
*   开源社区的所有人都期待与你的共同维护。
*
*
*   如果你对这些代码还有不理解的地方可以通过最新的文章进行学习：
*
*        博客地址：http://blog.csdn.net/csnd_ayo
*
*        文章地址：http://blog.csdn.net/csnd_ayo/article/details/72457190
*
* 	 期待你提交Bug，欢迎Issues。
*
*/
-->